{
  "pins" : [
    {
      "identity" : "alamofire",
      "kind" : "remoteSourceControl",
      "location" : "https://github.com/Alamofire/Alamofire.git",
      "state" : {
        "revision" : "bc268c28fb170f494de9e9927c371b8342979ece",
        "version" : "5.7.1"
      }
    },
    {
      "identity" : "swiftui-drawer",
      "kind" : "remoteSourceControl",
      "location" : "https://github.com/maustinstar/swiftui-drawer",
      "state" : {
        "branch" : "master",
        "revision" : "6d22f5c1362bfa71f2915c28aebba343b9243363"
      }
    }
  ],
  "version" : 2
}
