// !$*UTF8*$!
{
	archiveVersion = 1;
	classes = {
	};
	objectVersion = 56;
	objects = {

/* Begin PBXBuildFile section */
		4F39B1BA2A114C9700D1BCE1 /* Pointer.swift in Sources */ = {isa = PBXBuildFile; fileRef = 4F39B1B92A114C9700D1BCE1 /* Pointer.swift */; };
		4F39B1BC2A1158E100D1BCE1 /* StationSearchField.swift in Sources */ = {isa = PBXBuildFile; fileRef = 4F39B1BB2A1158E100D1BCE1 /* StationSearchField.swift */; };
		4F39B1BE2A115AC300D1BCE1 /* RouteViewHeader.swift in Sources */ = {isa = PBXBuildFile; fileRef = 4F39B1BD2A115AC300D1BCE1 /* RouteViewHeader.swift */; };
		4F39B1C02A11692700D1BCE1 /* RouteList.swift in Sources */ = {isa = PBXBuildFile; fileRef = 4F39B1BF2A11692700D1BCE1 /* RouteList.swift */; };
		4F39B1C22A11698100D1BCE1 /* Route.swift in Sources */ = {isa = PBXBuildFile; fileRef = 4F39B1C12A11698100D1BCE1 /* Route.swift */; };
		4F39B1C42A11785000D1BCE1 /* RouteDetailsCell.swift in Sources */ = {isa = PBXBuildFile; fileRef = 4F39B1C32A11785000D1BCE1 /* RouteDetailsCell.swift */; };
		4F39B1C82A1253CC00D1BCE1 /* RouteSaveButton.swift in Sources */ = {isa = PBXBuildFile; fileRef = 4F39B1C72A1253CC00D1BCE1 /* RouteSaveButton.swift */; };
		4F39B1CC2A12835B00D1BCE1 /* FavoriteRoutesView.swift in Sources */ = {isa = PBXBuildFile; fileRef = 4F39B1CB2A12835B00D1BCE1 /* FavoriteRoutesView.swift */; };
		4F39B1CE2A12856500D1BCE1 /* Drawer.swift in Sources */ = {isa = PBXBuildFile; fileRef = 4F39B1CD2A12856500D1BCE1 /* Drawer.swift */; };
		4F39B1D12A12863F00D1BCE1 /* FavoriteThumbnail.swift in Sources */ = {isa = PBXBuildFile; fileRef = 4F39B1D02A12863F00D1BCE1 /* FavoriteThumbnail.swift */; };
		4F3E9A6E2A0D5C5000442C8C /* CloseButton.swift in Sources */ = {isa = PBXBuildFile; fileRef = 4F3E9A6D2A0D5C5000442C8C /* CloseButton.swift */; };
		4F3E9A702A0D5D7A00442C8C /* StationSearchBarFilter.swift in Sources */ = {isa = PBXBuildFile; fileRef = 4F3E9A6F2A0D5D7A00442C8C /* StationSearchBarFilter.swift */; };
		4F3E9A722A0D5F8B00442C8C /* StationSearchList.swift in Sources */ = {isa = PBXBuildFile; fileRef = 4F3E9A712A0D5F8B00442C8C /* StationSearchList.swift */; };
		4F59FBC32A0A1EED0076D08F /* skytrainApp.swift in Sources */ = {isa = PBXBuildFile; fileRef = 4F59FBC22A0A1EED0076D08F /* skytrainApp.swift */; };
		4F59FBC72A0A1EEE0076D08F /* Assets.xcassets in Resources */ = {isa = PBXBuildFile; fileRef = 4F59FBC62A0A1EEE0076D08F /* Assets.xcassets */; };
		4F59FBCA2A0A1EEE0076D08F /* Preview Assets.xcassets in Resources */ = {isa = PBXBuildFile; fileRef = 4F59FBC92A0A1EEE0076D08F /* Preview Assets.xcassets */; };
		4F59FBD22A0A1F110076D08F /* Drawer in Frameworks */ = {isa = PBXBuildFile; productRef = 4F59FBD12A0A1F110076D08F /* Drawer */; };
		4F59FBF92A0A3AB70076D08F /* Stations.json in Resources */ = {isa = PBXBuildFile; fileRef = 4F59FBF82A0A3AB70076D08F /* Stations.json */; };
		4F59FBFE2A0A3E610076D08F /* Station.swift in Sources */ = {isa = PBXBuildFile; fileRef = 4F59FBFD2A0A3E610076D08F /* Station.swift */; };
		4F59FC002A0A3EC30076D08F /* StationViewModel.swift in Sources */ = {isa = PBXBuildFile; fileRef = 4F59FBFF2A0A3EC30076D08F /* StationViewModel.swift */; };
		4F59FC022A0A4AA90076D08F /* StationListView.swift in Sources */ = {isa = PBXBuildFile; fileRef = 4F59FC012A0A4AA90076D08F /* StationListView.swift */; };
		4F59FC042A0A4BF50076D08F /* StationSearchBar.swift in Sources */ = {isa = PBXBuildFile; fileRef = 4F59FC032A0A4BF50076D08F /* StationSearchBar.swift */; };
		4F59FC062A0A4C5E0076D08F /* StationDetailsCell.swift in Sources */ = {isa = PBXBuildFile; fileRef = 4F59FC052A0A4C5E0076D08F /* StationDetailsCell.swift */; };
		4F59FC132A0AE7940076D08F /* MapView.swift in Sources */ = {isa = PBXBuildFile; fileRef = 4F59FC122A0AE7940076D08F /* MapView.swift */; };
		4F59FC152A0AE8660076D08F /* AnnotationView.swift in Sources */ = {isa = PBXBuildFile; fileRef = 4F59FC142A0AE8660076D08F /* AnnotationView.swift */; };
		4F59FC192A0B47A80076D08F /* HomeView.swift in Sources */ = {isa = PBXBuildFile; fileRef = 4F59FC182A0B47A80076D08F /* HomeView.swift */; };
		4F59FC1B2A0B5DEA0076D08F /* StationSearchBox.swift in Sources */ = {isa = PBXBuildFile; fileRef = 4F59FC1A2A0B5DEA0076D08F /* StationSearchBox.swift */; };
		4F59FC242A0C0B0A0076D08F /* ViewState.swift in Sources */ = {isa = PBXBuildFile; fileRef = 4F59FC232A0C0B0A0076D08F /* ViewState.swift */; };
		4F636D1D2A0EF9E6003FE336 /* Alamofire in Frameworks */ = {isa = PBXBuildFile; productRef = 4F636D1C2A0EF9E6003FE336 /* Alamofire */; };
		4F731E402A1015C300754C15 /* RouteListView.swift in Sources */ = {isa = PBXBuildFile; fileRef = 4F731E3F2A1015C300754C15 /* RouteListView.swift */; };
		4F731E462A1025C200754C15 /* UIScreen.swift in Sources */ = {isa = PBXBuildFile; fileRef = 4F731E452A1025C200754C15 /* UIScreen.swift */; };
/* End PBXBuildFile section */

/* Begin PBXFileReference section */
		4F39B1B92A114C9700D1BCE1 /* Pointer.swift */ = {isa = PBXFileReference; lastKnownFileType = sourcecode.swift; path = Pointer.swift; sourceTree = "<group>"; };
		4F39B1BB2A1158E100D1BCE1 /* StationSearchField.swift */ = {isa = PBXFileReference; lastKnownFileType = sourcecode.swift; path = StationSearchField.swift; sourceTree = "<group>"; };
		4F39B1BD2A115AC300D1BCE1 /* RouteViewHeader.swift */ = {isa = PBXFileReference; lastKnownFileType = sourcecode.swift; path = RouteViewHeader.swift; sourceTree = "<group>"; };
		4F39B1BF2A11692700D1BCE1 /* RouteList.swift */ = {isa = PBXFileReference; lastKnownFileType = sourcecode.swift; path = RouteList.swift; sourceTree = "<group>"; };
		4F39B1C12A11698100D1BCE1 /* Route.swift */ = {isa = PBXFileReference; lastKnownFileType = sourcecode.swift; path = Route.swift; sourceTree = "<group>"; };
		4F39B1C32A11785000D1BCE1 /* RouteDetailsCell.swift */ = {isa = PBXFileReference; lastKnownFileType = sourcecode.swift; path = RouteDetailsCell.swift; sourceTree = "<group>"; };
		4F39B1C72A1253CC00D1BCE1 /* RouteSaveButton.swift */ = {isa = PBXFileReference; lastKnownFileType = sourcecode.swift; path = RouteSaveButton.swift; sourceTree = "<group>"; };
		4F39B1CB2A12835B00D1BCE1 /* FavoriteRoutesView.swift */ = {isa = PBXFileReference; lastKnownFileType = sourcecode.swift; path = FavoriteRoutesView.swift; sourceTree = "<group>"; };
		4F39B1CD2A12856500D1BCE1 /* Drawer.swift */ = {isa = PBXFileReference; lastKnownFileType = sourcecode.swift; path = Drawer.swift; sourceTree = "<group>"; };
		4F39B1D02A12863F00D1BCE1 /* FavoriteThumbnail.swift */ = {isa = PBXFileReference; lastKnownFileType = sourcecode.swift; path = FavoriteThumbnail.swift; sourceTree = "<group>"; };
		4F3E9A6D2A0D5C5000442C8C /* CloseButton.swift */ = {isa = PBXFileReference; lastKnownFileType = sourcecode.swift; path = CloseButton.swift; sourceTree = "<group>"; };
		4F3E9A6F2A0D5D7A00442C8C /* StationSearchBarFilter.swift */ = {isa = PBXFileReference; lastKnownFileType = sourcecode.swift; path = StationSearchBarFilter.swift; sourceTree = "<group>"; };
		4F3E9A712A0D5F8B00442C8C /* StationSearchList.swift */ = {isa = PBXFileReference; lastKnownFileType = sourcecode.swift; path = StationSearchList.swift; sourceTree = "<group>"; };
		4F59FBBF2A0A1EED0076D08F /* skytrain.app */ = {isa = PBXFileReference; explicitFileType = wrapper.application; includeInIndex = 0; path = skytrain.app; sourceTree = BUILT_PRODUCTS_DIR; };
		4F59FBC22A0A1EED0076D08F /* skytrainApp.swift */ = {isa = PBXFileReference; lastKnownFileType = sourcecode.swift; path = skytrainApp.swift; sourceTree = "<group>"; };
		4F59FBC62A0A1EEE0076D08F /* Assets.xcassets */ = {isa = PBXFileReference; lastKnownFileType = folder.assetcatalog; path = Assets.xcassets; sourceTree = "<group>"; };
		4F59FBC92A0A1EEE0076D08F /* Preview Assets.xcassets */ = {isa = PBXFileReference; lastKnownFileType = folder.assetcatalog; path = "Preview Assets.xcassets"; sourceTree = "<group>"; };
		4F59FBF82A0A3AB70076D08F /* Stations.json */ = {isa = PBXFileReference; lastKnownFileType = text.json; path = Stations.json; sourceTree = "<group>"; };
		4F59FBFD2A0A3E610076D08F /* Station.swift */ = {isa = PBXFileReference; lastKnownFileType = sourcecode.swift; path = Station.swift; sourceTree = "<group>"; };
		4F59FBFF2A0A3EC30076D08F /* StationViewModel.swift */ = {isa = PBXFileReference; lastKnownFileType = sourcecode.swift; path = StationViewModel.swift; sourceTree = "<group>"; };
		4F59FC012A0A4AA90076D08F /* StationListView.swift */ = {isa = PBXFileReference; lastKnownFileType = sourcecode.swift; path = StationListView.swift; sourceTree = "<group>"; };
		4F59FC032A0A4BF50076D08F /* StationSearchBar.swift */ = {isa = PBXFileReference; lastKnownFileType = sourcecode.swift; path = StationSearchBar.swift; sourceTree = "<group>"; };
		4F59FC052A0A4C5E0076D08F /* StationDetailsCell.swift */ = {isa = PBXFileReference; lastKnownFileType = sourcecode.swift; path = StationDetailsCell.swift; sourceTree = "<group>"; };
		4F59FC122A0AE7940076D08F /* MapView.swift */ = {isa = PBXFileReference; lastKnownFileType = sourcecode.swift; path = MapView.swift; sourceTree = "<group>"; };
		4F59FC142A0AE8660076D08F /* AnnotationView.swift */ = {isa = PBXFileReference; lastKnownFileType = sourcecode.swift; path = AnnotationView.swift; sourceTree = "<group>"; };
		4F59FC182A0B47A80076D08F /* HomeView.swift */ = {isa = PBXFileReference; lastKnownFileType = sourcecode.swift; path = HomeView.swift; sourceTree = "<group>"; };
		4F59FC1A2A0B5DEA0076D08F /* StationSearchBox.swift */ = {isa = PBXFileReference; lastKnownFileType = sourcecode.swift; path = StationSearchBox.swift; sourceTree = "<group>"; };
		4F59FC232A0C0B0A0076D08F /* ViewState.swift */ = {isa = PBXFileReference; lastKnownFileType = sourcecode.swift; path = ViewState.swift; sourceTree = "<group>"; };
		4F731E3F2A1015C300754C15 /* RouteListView.swift */ = {isa = PBXFileReference; lastKnownFileType = sourcecode.swift; path = RouteListView.swift; sourceTree = "<group>"; };
		4F731E452A1025C200754C15 /* UIScreen.swift */ = {isa = PBXFileReference; lastKnownFileType = sourcecode.swift; path = UIScreen.swift; sourceTree = "<group>"; };
		4F8F7ECD2A0F7C1B00D25D93 /* Info.plist */ = {isa = PBXFileReference; lastKnownFileType = text.plist; path = Info.plist; sourceTree = "<group>"; };
/* End PBXFileReference section */

/* Begin PBXFrameworksBuildPhase section */
		4F59FBBC2A0A1EED0076D08F /* Frameworks */ = {
			isa = PBXFrameworksBuildPhase;
			buildActionMask = 2147483647;
			files = (
				4F59FBD22A0A1F110076D08F /* Drawer in Frameworks */,
				4F636D1D2A0EF9E6003FE336 /* Alamofire in Frameworks */,
			);
			runOnlyForDeploymentPostprocessing = 0;
		};
/* End PBXFrameworksBuildPhase section */

/* Begin PBXGroup section */
		4F39B1CF2A1285F600D1BCE1 /* FavoriteRouteView */ = {
			isa = PBXGroup;
			children = (
				4F39B1D02A12863F00D1BCE1 /* FavoriteThumbnail.swift */,
			);
			path = FavoriteRouteView;
			sourceTree = "<group>";
		};
		4F59FBB62A0A1EED0076D08F = {
			isa = PBXGroup;
			children = (
				4F59FBC12A0A1EED0076D08F /* skytrain */,
				4F59FBC02A0A1EED0076D08F /* Products */,
			);
			sourceTree = "<group>";
		};
		4F59FBC02A0A1EED0076D08F /* Products */ = {
			isa = PBXGroup;
			children = (
				4F59FBBF2A0A1EED0076D08F /* skytrain.app */,
			);
			name = Products;
			sourceTree = "<group>";
		};
		4F59FBC12A0A1EED0076D08F /* skytrain */ = {
			isa = PBXGroup;
			children = (
				4F8F7ECD2A0F7C1B00D25D93 /* Info.plist */,
				4F59FBC62A0A1EEE0076D08F /* Assets.xcassets */,
				4F59FBF82A0A3AB70076D08F /* Stations.json */,
				4F59FBC22A0A1EED0076D08F /* skytrainApp.swift */,
				4F59FBFA2A0A3DFE0076D08F /* Models */,
				4F59FBFB2A0A3E040076D08F /* ViewModels */,
				4F59FBFC2A0A3E1F0076D08F /* Views */,
				4F731E412A101F5D00754C15 /* Extensions */,
				4F59FBC82A0A1EEE0076D08F /* Preview Content */,
			);
			path = skytrain;
			sourceTree = "<group>";
		};
		4F59FBC82A0A1EEE0076D08F /* Preview Content */ = {
			isa = PBXGroup;
			children = (
				4F59FBC92A0A1EEE0076D08F /* Preview Assets.xcassets */,
			);
			path = "Preview Content";
			sourceTree = "<group>";
		};
		4F59FBFA2A0A3DFE0076D08F /* Models */ = {
			isa = PBXGroup;
			children = (
				4F59FBFD2A0A3E610076D08F /* Station.swift */,
				4F59FC232A0C0B0A0076D08F /* ViewState.swift */,
				4F39B1C12A11698100D1BCE1 /* Route.swift */,
				4F39B1CD2A12856500D1BCE1 /* Drawer.swift */,
			);
			path = Models;
			sourceTree = "<group>";
		};
		4F59FBFB2A0A3E040076D08F /* ViewModels */ = {
			isa = PBXGroup;
			children = (
				4F59FBFF2A0A3EC30076D08F /* StationViewModel.swift */,
			);
			path = ViewModels;
			sourceTree = "<group>";
		};
		4F59FBFC2A0A3E1F0076D08F /* Views */ = {
			isa = PBXGroup;
			children = (
				4F59FC182A0B47A80076D08F /* HomeView.swift */,
				4F59FC012A0A4AA90076D08F /* StationListView.swift */,
				4F731E3F2A1015C300754C15 /* RouteListView.swift */,
				4F39B1CB2A12835B00D1BCE1 /* FavoriteRoutesView.swift */,
				4F59FC0A2A0A55E60076D08F /* Components */,
			);
			path = Views;
			sourceTree = "<group>";
		};
		4F59FC0A2A0A55E60076D08F /* Components */ = {
			isa = PBXGroup;
			children = (
				4F39B1B92A114C9700D1BCE1 /* Pointer.swift */,
				4F3E9A6D2A0D5C5000442C8C /* CloseButton.swift */,
				4F59FC1D2A0B695C0076D08F /* HomeView */,
				4F59FC1C2A0B694B0076D08F /* StationListView */,
				4F731E422A1021FD00754C15 /* RouteView */,
				4F39B1CF2A1285F600D1BCE1 /* FavoriteRouteView */,
			);
			path = Components;
			sourceTree = "<group>";
		};
		4F59FC1C2A0B694B0076D08F /* StationListView */ = {
			isa = PBXGroup;
			children = (
				4F59FC032A0A4BF50076D08F /* StationSearchBar.swift */,
				4F3E9A6F2A0D5D7A00442C8C /* StationSearchBarFilter.swift */,
				4F3E9A712A0D5F8B00442C8C /* StationSearchList.swift */,
				4F59FC052A0A4C5E0076D08F /* StationDetailsCell.swift */,
			);
			path = StationListView;
			sourceTree = "<group>";
		};
		4F59FC1D2A0B695C0076D08F /* HomeView */ = {
			isa = PBXGroup;
			children = (
				4F59FC122A0AE7940076D08F /* MapView.swift */,
				4F59FC142A0AE8660076D08F /* AnnotationView.swift */,
				4F59FC1A2A0B5DEA0076D08F /* StationSearchBox.swift */,
				4F39B1BB2A1158E100D1BCE1 /* StationSearchField.swift */,
				4F39B1C72A1253CC00D1BCE1 /* RouteSaveButton.swift */,
			);
			path = HomeView;
			sourceTree = "<group>";
		};
		4F731E412A101F5D00754C15 /* Extensions */ = {
			isa = PBXGroup;
			children = (
				4F731E452A1025C200754C15 /* UIScreen.swift */,
			);
			path = Extensions;
			sourceTree = "<group>";
		};
		4F731E422A1021FD00754C15 /* RouteView */ = {
			isa = PBXGroup;
			children = (
				4F39B1BD2A115AC300D1BCE1 /* RouteViewHeader.swift */,
				4F39B1BF2A11692700D1BCE1 /* RouteList.swift */,
				4F39B1C32A11785000D1BCE1 /* RouteDetailsCell.swift */,
			);
			path = RouteView;
			sourceTree = "<group>";
		};
/* End PBXGroup section */

/* Begin PBXNativeTarget section */
		4F59FBBE2A0A1EED0076D08F /* skytrain */ = {
			isa = PBXNativeTarget;
			buildConfigurationList = 4F59FBCD2A0A1EEE0076D08F /* Build configuration list for PBXNativeTarget "skytrain" */;
			buildPhases = (
				4F59FBBB2A0A1EED0076D08F /* Sources */,
				4F59FBBC2A0A1EED0076D08F /* Frameworks */,
				4F59FBBD2A0A1EED0076D08F /* Resources */,
			);
			buildRules = (
			);
			dependencies = (
			);
			name = skytrain;
			packageProductDependencies = (
				4F59FBD12A0A1F110076D08F /* Drawer */,
				4F636D1C2A0EF9E6003FE336 /* Alamofire */,
			);
			productName = skytrain;
			productReference = 4F59FBBF2A0A1EED0076D08F /* skytrain.app */;
			productType = "com.apple.product-type.application";
		};
/* End PBXNativeTarget section */

/* Begin PBXProject section */
		4F59FBB72A0A1EED0076D08F /* Project object */ = {
			isa = PBXProject;
			attributes = {
				BuildIndependentTargetsInParallel = 1;
				LastSwiftUpdateCheck = 1430;
				LastUpgradeCheck = 1430;
				TargetAttributes = {
					4F59FBBE2A0A1EED0076D08F = {
						CreatedOnToolsVersion = 14.3;
					};
				};
			};
			buildConfigurationList = 4F59FBBA2A0A1EED0076D08F /* Build configuration list for PBXProject "skytrain" */;
			compatibilityVersion = "Xcode 14.0";
			developmentRegion = en;
			hasScannedForEncodings = 0;
			knownRegions = (
				en,
				Base,
			);
			mainGroup = 4F59FBB62A0A1EED0076D08F;
			packageReferences = (
				4F59FBD02A0A1F110076D08F /* XCRemoteSwiftPackageReference "swiftui-drawer" */,
				4F636D1B2A0EF9E6003FE336 /* XCRemoteSwiftPackageReference "Alamofire" */,
			);
			productRefGroup = 4F59FBC02A0A1EED0076D08F /* Products */;
			projectDirPath = "";
			projectRoot = "";
			targets = (
				4F59FBBE2A0A1EED0076D08F /* skytrain */,
			);
		};
/* End PBXProject section */

/* Begin PBXResourcesBuildPhase section */
		4F59FBBD2A0A1EED0076D08F /* Resources */ = {
			isa = PBXResourcesBuildPhase;
			buildActionMask = 2147483647;
			files = (
				4F59FBF92A0A3AB70076D08F /* Stations.json in Resources */,
				4F59FBCA2A0A1EEE0076D08F /* Preview Assets.xcassets in Resources */,
				4F59FBC72A0A1EEE0076D08F /* Assets.xcassets in Resources */,
			);
			runOnlyForDeploymentPostprocessing = 0;
		};
/* End PBXResourcesBuildPhase section */

/* Begin PBXSourcesBuildPhase section */
		4F59FBBB2A0A1EED0076D08F /* Sources */ = {
			isa = PBXSourcesBuildPhase;
			buildActionMask = 2147483647;
			files = (
				4F39B1CE2A12856500D1BCE1 /* Drawer.swift in Sources */,
				4F39B1C42A11785000D1BCE1 /* RouteDetailsCell.swift in Sources */,
				4F3E9A6E2A0D5C5000442C8C /* CloseButton.swift in Sources */,
				4F731E402A1015C300754C15 /* RouteListView.swift in Sources */,
				4F39B1C82A1253CC00D1BCE1 /* RouteSaveButton.swift in Sources */,
				4F59FC042A0A4BF50076D08F /* StationSearchBar.swift in Sources */,
				4F59FC152A0AE8660076D08F /* AnnotationView.swift in Sources */,
				4F59FC022A0A4AA90076D08F /* StationListView.swift in Sources */,
				4F39B1D12A12863F00D1BCE1 /* FavoriteThumbnail.swift in Sources */,
				4F59FC062A0A4C5E0076D08F /* StationDetailsCell.swift in Sources */,
				4F731E462A1025C200754C15 /* UIScreen.swift in Sources */,
				4F39B1BC2A1158E100D1BCE1 /* StationSearchField.swift in Sources */,
				4F59FBFE2A0A3E610076D08F /* Station.swift in Sources */,
				4F59FC1B2A0B5DEA0076D08F /* StationSearchBox.swift in Sources */,
				4F59FC192A0B47A80076D08F /* HomeView.swift in Sources */,
				4F39B1CC2A12835B00D1BCE1 /* FavoriteRoutesView.swift in Sources */,
				4F39B1BE2A115AC300D1BCE1 /* RouteViewHeader.swift in Sources */,
				4F39B1C02A11692700D1BCE1 /* RouteList.swift in Sources */,
				4F39B1C22A11698100D1BCE1 /* Route.swift in Sources */,
				4F59FBC32A0A1EED0076D08F /* skytrainApp.swift in Sources */,
				4F59FC242A0C0B0A0076D08F /* ViewState.swift in Sources */,
				4F59FC132A0AE7940076D08F /* MapView.swift in Sources */,
				4F3E9A702A0D5D7A00442C8C /* StationSearchBarFilter.swift in Sources */,
				4F3E9A722A0D5F8B00442C8C /* StationSearchList.swift in Sources */,
				4F59FC002A0A3EC30076D08F /* StationViewModel.swift in Sources */,
				4F39B1BA2A114C9700D1BCE1 /* Pointer.swift in Sources */,
			);
			runOnlyForDeploymentPostprocessing = 0;
		};
/* End PBXSourcesBuildPhase section */

/* Begin XCBuildConfiguration section */
		4F59FBCB2A0A1EEE0076D08F /* Debug */ = {
			isa = XCBuildConfiguration;
			buildSettings = {
				ALWAYS_SEARCH_USER_PATHS = NO;
				CLANG_ANALYZER_NONNULL = YES;
				CLANG_ANALYZER_NUMBER_OBJECT_CONVERSION = YES_AGGRESSIVE;
				CLANG_CXX_LANGUAGE_STANDARD = "gnu++20";
				CLANG_ENABLE_MODULES = YES;
				CLANG_ENABLE_OBJC_ARC = YES;
				CLANG_ENABLE_OBJC_WEAK = YES;
				CLANG_WARN_BLOCK_CAPTURE_AUTORELEASING = YES;
				CLANG_WARN_BOOL_CONVERSION = YES;
				CLANG_WARN_COMMA = YES;
				CLANG_WARN_CONSTANT_CONVERSION = YES;
				CLANG_WARN_DEPRECATED_OBJC_IMPLEMENTATIONS = YES;
				CLANG_WARN_DIRECT_OBJC_ISA_USAGE = YES_ERROR;
				CLANG_WARN_DOCUMENTATION_COMMENTS = YES;
				CLANG_WARN_EMPTY_BODY = YES;
				CLANG_WARN_ENUM_CONVERSION = YES;
				CLANG_WARN_INFINITE_RECURSION = YES;
				CLANG_WARN_INT_CONVERSION = YES;
				CLANG_WARN_NON_LITERAL_NULL_CONVERSION = YES;
				CLANG_WARN_OBJC_IMPLICIT_RETAIN_SELF = YES;
				CLANG_WARN_OBJC_LITERAL_CONVERSION = YES;
				CLANG_WARN_OBJC_ROOT_CLASS = YES_ERROR;
				CLANG_WARN_QUOTED_INCLUDE_IN_FRAMEWORK_HEADER = YES;
				CLANG_WARN_RANGE_LOOP_ANALYSIS = YES;
				CLANG_WARN_STRICT_PROTOTYPES = YES;
				CLANG_WARN_SUSPICIOUS_MOVE = YES;
				CLANG_WARN_UNGUARDED_AVAILABILITY = YES_AGGRESSIVE;
				CLANG_WARN_UNREACHABLE_CODE = YES;
				CLANG_WARN__DUPLICATE_METHOD_MATCH = YES;
				COPY_PHASE_STRIP = NO;
				DEBUG_INFORMATION_FORMAT = dwarf;
				ENABLE_STRICT_OBJC_MSGSEND = YES;
				ENABLE_TESTABILITY = YES;
				GCC_C_LANGUAGE_STANDARD = gnu11;
				GCC_DYNAMIC_NO_PIC = NO;
				GCC_NO_COMMON_BLOCKS = YES;
				GCC_OPTIMIZATION_LEVEL = 0;
				GCC_PREPROCESSOR_DEFINITIONS = (
					"DEBUG=1",
					"$(inherited)",
				);
				GCC_WARN_64_TO_32_BIT_CONVERSION = YES;
				GCC_WARN_ABOUT_RETURN_TYPE = YES_ERROR;
				GCC_WARN_UNDECLARED_SELECTOR = YES;
				GCC_WARN_UNINITIALIZED_AUTOS = YES_AGGRESSIVE;
				GCC_WARN_UNUSED_FUNCTION = YES;
				GCC_WARN_UNUSED_VARIABLE = YES;
				IPHONEOS_DEPLOYMENT_TARGET = 16.4;
				MTL_ENABLE_DEBUG_INFO = INCLUDE_SOURCE;
				MTL_FAST_MATH = YES;
				ONLY_ACTIVE_ARCH = YES;
				SDKROOT = iphoneos;
				SWIFT_ACTIVE_COMPILATION_CONDITIONS = DEBUG;
				SWIFT_OPTIMIZATION_LEVEL = "-Onone";
			};
			name = Debug;
		};
		4F59FBCC2A0A1EEE0076D08F /* Release */ = {
			isa = XCBuildConfiguration;
			buildSettings = {
				ALWAYS_SEARCH_USER_PATHS = NO;
				CLANG_ANALYZER_NONNULL = YES;
				CLANG_ANALYZER_NUMBER_OBJECT_CONVERSION = YES_AGGRESSIVE;
				CLANG_CXX_LANGUAGE_STANDARD = "gnu++20";
				CLANG_ENABLE_MODULES = YES;
				CLANG_ENABLE_OBJC_ARC = YES;
				CLANG_ENABLE_OBJC_WEAK = YES;
				CLANG_WARN_BLOCK_CAPTURE_AUTORELEASING = YES;
				CLANG_WARN_BOOL_CONVERSION = YES;
				CLANG_WARN_COMMA = YES;
				CLANG_WARN_CONSTANT_CONVERSION = YES;
				CLANG_WARN_DEPRECATED_OBJC_IMPLEMENTATIONS = YES;
				CLANG_WARN_DIRECT_OBJC_ISA_USAGE = YES_ERROR;
				CLANG_WARN_DOCUMENTATION_COMMENTS = YES;
				CLANG_WARN_EMPTY_BODY = YES;
				CLANG_WARN_ENUM_CONVERSION = YES;
				CLANG_WARN_INFINITE_RECURSION = YES;
				CLANG_WARN_INT_CONVERSION = YES;
				CLANG_WARN_NON_LITERAL_NULL_CONVERSION = YES;
				CLANG_WARN_OBJC_IMPLICIT_RETAIN_SELF = YES;
				CLANG_WARN_OBJC_LITERAL_CONVERSION = YES;
				CLANG_WARN_OBJC_ROOT_CLASS = YES_ERROR;
				CLANG_WARN_QUOTED_INCLUDE_IN_FRAMEWORK_HEADER = YES;
				CLANG_WARN_RANGE_LOOP_ANALYSIS = YES;
				CLANG_WARN_STRICT_PROTOTYPES = YES;
				CLANG_WARN_SUSPICIOUS_MOVE = YES;
				CLANG_WARN_UNGUARDED_AVAILABILITY = YES_AGGRESSIVE;
				CLANG_WARN_UNREACHABLE_CODE = YES;
				CLANG_WARN__DUPLICATE_METHOD_MATCH = YES;
				COPY_PHASE_STRIP = NO;
				DEBUG_INFORMATION_FORMAT = "dwarf-with-dsym";
				ENABLE_NS_ASSERTIONS = NO;
				ENABLE_STRICT_OBJC_MSGSEND = YES;
				GCC_C_LANGUAGE_STANDARD = gnu11;
				GCC_NO_COMMON_BLOCKS = YES;
				GCC_WARN_64_TO_32_BIT_CONVERSION = YES;
				GCC_WARN_ABOUT_RETURN_TYPE = YES_ERROR;
				GCC_WARN_UNDECLARED_SELECTOR = YES;
				GCC_WARN_UNINITIALIZED_AUTOS = YES_AGGRESSIVE;
				GCC_WARN_UNUSED_FUNCTION = YES;
				GCC_WARN_UNUSED_VARIABLE = YES;
				IPHONEOS_DEPLOYMENT_TARGET = 16.4;
				MTL_ENABLE_DEBUG_INFO = NO;
				MTL_FAST_MATH = YES;
				SDKROOT = iphoneos;
				SWIFT_COMPILATION_MODE = wholemodule;
				SWIFT_OPTIMIZATION_LEVEL = "-O";
				VALIDATE_PRODUCT = YES;
			};
			name = Release;
		};
		4F59FBCE2A0A1EEE0076D08F /* Debug */ = {
			isa = XCBuildConfiguration;
			buildSettings = {
				ASSETCATALOG_COMPILER_APPICON_NAME = AppIcon;
				ASSETCATALOG_COMPILER_GLOBAL_ACCENT_COLOR_NAME = AccentColor;
				CODE_SIGN_STYLE = Automatic;
				CURRENT_PROJECT_VERSION = 1;
				DEVELOPMENT_ASSET_PATHS = "\"skytrain/Preview Content\"";
				DEVELOPMENT_TEAM = X34AX4W9SU;
				ENABLE_PREVIEWS = YES;
				GENERATE_INFOPLIST_FILE = YES;
				INFOPLIST_FILE = skytrain/Info.plist;
				INFOPLIST_KEY_UIApplicationSceneManifest_Generation = YES;
				INFOPLIST_KEY_UIApplicationSupportsIndirectInputEvents = YES;
				INFOPLIST_KEY_UILaunchScreen_Generation = YES;
				INFOPLIST_KEY_UISupportedInterfaceOrientations_iPad = "UIInterfaceOrientationPortrait UIInterfaceOrientationPortraitUpsideDown UIInterfaceOrientationLandscapeLeft UIInterfaceOrientationLandscapeRight";
				INFOPLIST_KEY_UISupportedInterfaceOrientations_iPhone = "UIInterfaceOrientationPortrait UIInterfaceOrientationLandscapeLeft UIInterfaceOrientationLandscapeRight";
				LD_RUNPATH_SEARCH_PATHS = (
					"$(inherited)",
					"@executable_path/Frameworks",
				);
				MARKETING_VERSION = 1.0;
				PRODUCT_BUNDLE_IDENTIFIER = "com.nantanat-thongthep.skytrain";
				PRODUCT_NAME = "$(TARGET_NAME)";
				SWIFT_EMIT_LOC_STRINGS = YES;
				SWIFT_VERSION = 5.0;
				TARGETED_DEVICE_FAMILY = "1,2";
			};
			name = Debug;
		};
		4F59FBCF2A0A1EEE0076D08F /* Release */ = {
			isa = XCBuildConfiguration;
			buildSettings = {
				ASSETCATALOG_COMPILER_APPICON_NAME = AppIcon;
				ASSETCATALOG_COMPILER_GLOBAL_ACCENT_COLOR_NAME = AccentColor;
				CODE_SIGN_STYLE = Automatic;
				CURRENT_PROJECT_VERSION = 1;
				DEVELOPMENT_ASSET_PATHS = "\"skytrain/Preview Content\"";
				DEVELOPMENT_TEAM = X34AX4W9SU;
				ENABLE_PREVIEWS = YES;
				GENERATE_INFOPLIST_FILE = YES;
				INFOPLIST_FILE = skytrain/Info.plist;
				INFOPLIST_KEY_UIApplicationSceneManifest_Generation = YES;
				INFOPLIST_KEY_UIApplicationSupportsIndirectInputEvents = YES;
				INFOPLIST_KEY_UILaunchScreen_Generation = YES;
				INFOPLIST_KEY_UISupportedInterfaceOrientations_iPad = "UIInterfaceOrientationPortrait UIInterfaceOrientationPortraitUpsideDown UIInterfaceOrientationLandscapeLeft UIInterfaceOrientationLandscapeRight";
				INFOPLIST_KEY_UISupportedInterfaceOrientations_iPhone = "UIInterfaceOrientationPortrait UIInterfaceOrientationLandscapeLeft UIInterfaceOrientationLandscapeRight";
				LD_RUNPATH_SEARCH_PATHS = (
					"$(inherited)",
					"@executable_path/Frameworks",
				);
				MARKETING_VERSION = 1.0;
				PRODUCT_BUNDLE_IDENTIFIER = "com.nantanat-thongthep.skytrain";
				PRODUCT_NAME = "$(TARGET_NAME)";
				SWIFT_EMIT_LOC_STRINGS = YES;
				SWIFT_VERSION = 5.0;
				TARGETED_DEVICE_FAMILY = "1,2";
			};
			name = Release;
		};
/* End XCBuildConfiguration section */

/* Begin XCConfigurationList section */
		4F59FBBA2A0A1EED0076D08F /* Build configuration list for PBXProject "skytrain" */ = {
			isa = XCConfigurationList;
			buildConfigurations = (
				4F59FBCB2A0A1EEE0076D08F /* Debug */,
				4F59FBCC2A0A1EEE0076D08F /* Release */,
			);
			defaultConfigurationIsVisible = 0;
			defaultConfigurationName = Release;
		};
		4F59FBCD2A0A1EEE0076D08F /* Build configuration list for PBXNativeTarget "skytrain" */ = {
			isa = XCConfigurationList;
			buildConfigurations = (
				4F59FBCE2A0A1EEE0076D08F /* Debug */,
				4F59FBCF2A0A1EEE0076D08F /* Release */,
			);
			defaultConfigurationIsVisible = 0;
			defaultConfigurationName = Release;
		};
/* End XCConfigurationList section */

/* Begin XCRemoteSwiftPackageReference section */
		4F59FBD02A0A1F110076D08F /* XCRemoteSwiftPackageReference "swiftui-drawer" */ = {
			isa = XCRemoteSwiftPackageReference;
			repositoryURL = "https://github.com/maustinstar/swiftui-drawer";
			requirement = {
				branch = master;
				kind = branch;
			};
		};
		4F636D1B2A0EF9E6003FE336 /* XCRemoteSwiftPackageReference "Alamofire" */ = {
			isa = XCRemoteSwiftPackageReference;
			repositoryURL = "https://github.com/Alamofire/Alamofire.git";
			requirement = {
				kind = upToNextMajorVersion;
				minimumVersion = 5.6.4;
			};
		};
/* End XCRemoteSwiftPackageReference section */

/* Begin XCSwiftPackageProductDependency section */
		4F59FBD12A0A1F110076D08F /* Drawer */ = {
			isa = XCSwiftPackageProductDependency;
			package = 4F59FBD02A0A1F110076D08F /* XCRemoteSwiftPackageReference "swiftui-drawer" */;
			productName = Drawer;
		};
		4F636D1C2A0EF9E6003FE336 /* Alamofire */ = {
			isa = XCSwiftPackageProductDependency;
			package = 4F636D1B2A0EF9E6003FE336 /* XCRemoteSwiftPackageReference "Alamofire" */;
			productName = Alamofire;
		};
/* End XCSwiftPackageProductDependency section */
	};
	rootObject = 4F59FBB72A0A1EED0076D08F /* Project object */;
}
